
Microsoft Visual Studio Solution File, Format Version 12.00
# Visual Studio Version 16
VisualStudioVersion = 16.0.31205.134
MinimumVisualStudioVersion = 10.0.40219.1
Project("{FAE04EC0-301F-11D3-BF4B-00C04F79EFBC}") = "Schoolable", "Schoolable\Schoolable.csproj", "{FDD232AC-99DA-40B4-9C79-CE85518F1BC1}"
EndProject
Global
	GlobalSection(SolutionConfigurationPlatforms) = preSolution
		Debug|Any CPU = Debug|Any CPU
		Release|Any CPU = Release|Any CPU
	EndGlobalSection
	GlobalSection(ProjectConfigurationPlatforms) = postSolution
		{FDD232AC-99DA-40B4-9C79-CE85518F1BC1}.Debug|Any CPU.ActiveCfg = Debug|Any CPU
		{FDD232AC-99DA-40B4-9C79-CE85518F1BC1}.Debug|Any CPU.Build.0 = Debug|Any CPU
		{FDD232AC-99DA-40B4-9C79-CE85518F1BC1}.Release|Any CPU.ActiveCfg = Release|Any CPU
		{FDD232AC-99DA-40B4-9C79-CE85518F1BC1}.Release|Any CPU.Build.0 = Release|Any CPU
	EndGlobalSection
	GlobalSection(SolutionProperties) = preSolution
		HideSolutionNode = FALSE
	EndGlobalSection
	GlobalSection(ExtensibilityGlobals) = postSolution
		SolutionGuid = {1B3DC15E-7B4B-4365-A7C7-CF14920F5DA7}
	EndGlobalSection
EndGlobal
